// !$*UTF8*$!
{
	archiveVersion = 1;
	classes = {
	};
	objectVersion = 56;
	objects = {

/* Begin PBXBuildFile section */
		961339972AF3DF1B00ABDB75 /* CoreDataExampleApp.swift in Sources */ = {isa = PBXBuildFile; fileRef = 961339962AF3DF1B00ABDB75 /* CoreDataExampleApp.swift */; };
		961339992AF3DF1B00ABDB75 /* ContentView.swift in Sources */ = {isa = PBXBuildFile; fileRef = 961339982AF3DF1B00ABDB75 /* ContentView.swift */; };
		9613399B2AF3DF1D00ABDB75 /* Assets.xcassets in Resources */ = {isa = PBXBuildFile; fileRef = 9613399A2AF3DF1D00ABDB75 /* Assets.xcassets */; };
		9613399E2AF3DF1D00ABDB75 /* Preview Assets.xcassets in Resources */ = {isa = PBXBuildFile; fileRef = 9613399D2AF3DF1D00ABDB75 /* Preview Assets.xcassets */; };
		961339A02AF3DF1D00ABDB75 /* BookmarkContainer.swift in Sources */ = {isa = PBXBuildFile; fileRef = 9613399F2AF3DF1D00ABDB75 /* BookmarkContainer.swift */; };
		961339A32AF3DF1D00ABDB75 /* CoreDataExample.xcdatamodeld in Sources */ = {isa = PBXBuildFile; fileRef = 961339A12AF3DF1D00ABDB75 /* CoreDataExample.xcdatamodeld */; };
		961339AA2AF3E59C00ABDB75 /* BookmarItemModel.swift in Sources */ = {isa = PBXBuildFile; fileRef = 961339A92AF3E59C00ABDB75 /* BookmarItemModel.swift */; };
		961339AC2AF3E60500ABDB75 /* BookmarkItem.swift in Sources */ = {isa = PBXBuildFile; fileRef = 961339AB2AF3E60500ABDB75 /* BookmarkItem.swift */; };
		961339B72AF3EB5200ABDB75 /* GetBookmarkLists.swift in Sources */ = {isa = PBXBuildFile; fileRef = 961339B62AF3EB5200ABDB75 /* GetBookmarkLists.swift */; };
		961339BA2AF3EBE000ABDB75 /* BookmarkRepository.swift in Sources */ = {isa = PBXBuildFile; fileRef = 961339B92AF3EBE000ABDB75 /* BookmarkRepository.swift */; };
		961339BC2AF3EBF800ABDB75 /* BookmarkRepositoryImpl.swift in Sources */ = {isa = PBXBuildFile; fileRef = 961339BB2AF3EBF800ABDB75 /* BookmarkRepositoryImpl.swift */; };
		961339BF2AF3ED2100ABDB75 /* BookmarkDataSource.swift in Sources */ = {isa = PBXBuildFile; fileRef = 961339BE2AF3ED2100ABDB75 /* BookmarkDataSource.swift */; };
		961339C52AF3EF5800ABDB75 /* BookmarkViewModel.swift in Sources */ = {isa = PBXBuildFile; fileRef = 961339C42AF3EF5800ABDB75 /* BookmarkViewModel.swift */; };
		961339C82AF3EFAA00ABDB75 /* BookmarkPage.swift in Sources */ = {isa = PBXBuildFile; fileRef = 961339C72AF3EFAA00ABDB75 /* BookmarkPage.swift */; };
		961339CA2AF3FA5700ABDB75 /* AddBookmarkItem.swift in Sources */ = {isa = PBXBuildFile; fileRef = 961339C92AF3FA5700ABDB75 /* AddBookmarkItem.swift */; };
		966033812AF4EFAF00F3AD61 /* BookmarkList.swift in Sources */ = {isa = PBXBuildFile; fileRef = 966033802AF4EFAF00F3AD61 /* BookmarkList.swift */; };
		966033832AF4F12500F3AD61 /* BookmarkListModel.swift in Sources */ = {isa = PBXBuildFile; fileRef = 966033822AF4F12500F3AD61 /* BookmarkListModel.swift */; };
		966033852AF4FA7700F3AD61 /* AddBookmarkList.swift in Sources */ = {isa = PBXBuildFile; fileRef = 966033842AF4FA7700F3AD61 /* AddBookmarkList.swift */; };
		966033872AF5011400F3AD61 /* DeleteBookmarkListsByIDs.swift in Sources */ = {isa = PBXBuildFile; fileRef = 966033862AF5011400F3AD61 /* DeleteBookmarkListsByIDs.swift */; };
		966033892AF5037400F3AD61 /* BookmarkListPage.swift in Sources */ = {isa = PBXBuildFile; fileRef = 966033882AF5037400F3AD61 /* BookmarkListPage.swift */; };
		9660338B2AF50C4F00F3AD61 /* BookmarkListViewModel.swift in Sources */ = {isa = PBXBuildFile; fileRef = 9660338A2AF50C4F00F3AD61 /* BookmarkListViewModel.swift */; };
		9660338D2AF533C900F3AD61 /* GetBookmarkItems.swift in Sources */ = {isa = PBXBuildFile; fileRef = 9660338C2AF533C900F3AD61 /* GetBookmarkItems.swift */; };
		9660338F2AF56E3F00F3AD61 /* DeleteBookmarkItemsByIDs.swift in Sources */ = {isa = PBXBuildFile; fileRef = 9660338E2AF56E3F00F3AD61 /* DeleteBookmarkItemsByIDs.swift */; };
/* End PBXBuildFile section */

/* Begin PBXFileReference section */
		961339932AF3DF1B00ABDB75 /* CoreDataExample.app */ = {isa = PBXFileReference; explicitFileType = wrapper.application; includeInIndex = 0; path = CoreDataExample.app; sourceTree = BUILT_PRODUCTS_DIR; };
		961339962AF3DF1B00ABDB75 /* CoreDataExampleApp.swift */ = {isa = PBXFileReference; lastKnownFileType = sourcecode.swift; path = CoreDataExampleApp.swift; sourceTree = "<group>"; };
		961339982AF3DF1B00ABDB75 /* ContentView.swift */ = {isa = PBXFileReference; lastKnownFileType = sourcecode.swift; path = ContentView.swift; sourceTree = "<group>"; };
		9613399A2AF3DF1D00ABDB75 /* Assets.xcassets */ = {isa = PBXFileReference; lastKnownFileType = folder.assetcatalog; path = Assets.xcassets; sourceTree = "<group>"; };
		9613399D2AF3DF1D00ABDB75 /* Preview Assets.xcassets */ = {isa = PBXFileReference; lastKnownFileType = folder.assetcatalog; path = "Preview Assets.xcassets"; sourceTree = "<group>"; };
		9613399F2AF3DF1D00ABDB75 /* BookmarkContainer.swift */ = {isa = PBXFileReference; lastKnownFileType = sourcecode.swift; path = BookmarkContainer.swift; sourceTree = "<group>"; };
		961339A22AF3DF1D00ABDB75 /* CoreDataExample.xcdatamodel */ = {isa = PBXFileReference; lastKnownFileType = wrapper.xcdatamodel; path = CoreDataExample.xcdatamodel; sourceTree = "<group>"; };
		961339A92AF3E59C00ABDB75 /* BookmarItemModel.swift */ = {isa = PBXFileReference; lastKnownFileType = sourcecode.swift; path = BookmarItemModel.swift; sourceTree = "<group>"; };
		961339AB2AF3E60500ABDB75 /* BookmarkItem.swift */ = {isa = PBXFileReference; lastKnownFileType = sourcecode.swift; path = BookmarkItem.swift; sourceTree = "<group>"; };
		961339B62AF3EB5200ABDB75 /* GetBookmarkLists.swift */ = {isa = PBXFileReference; lastKnownFileType = sourcecode.swift; path = GetBookmarkLists.swift; sourceTree = "<group>"; };
		961339B92AF3EBE000ABDB75 /* BookmarkRepository.swift */ = {isa = PBXFileReference; lastKnownFileType = sourcecode.swift; path = BookmarkRepository.swift; sourceTree = "<group>"; };
		961339BB2AF3EBF800ABDB75 /* BookmarkRepositoryImpl.swift */ = {isa = PBXFileReference; lastKnownFileType = sourcecode.swift; path = BookmarkRepositoryImpl.swift; sourceTree = "<group>"; };
		961339BE2AF3ED2100ABDB75 /* BookmarkDataSource.swift */ = {isa = PBXFileReference; lastKnownFileType = sourcecode.swift; path = BookmarkDataSource.swift; sourceTree = "<group>"; };
		961339C42AF3EF5800ABDB75 /* BookmarkViewModel.swift */ = {isa = PBXFileReference; lastKnownFileType = sourcecode.swift; path = BookmarkViewModel.swift; sourceTree = "<group>"; };
		961339C72AF3EFAA00ABDB75 /* BookmarkPage.swift */ = {isa = PBXFileReference; lastKnownFileType = sourcecode.swift; path = BookmarkPage.swift; sourceTree = "<group>"; };
		961339C92AF3FA5700ABDB75 /* AddBookmarkItem.swift */ = {isa = PBXFileReference; lastKnownFileType = sourcecode.swift; path = AddBookmarkItem.swift; sourceTree = "<group>"; };
		966033802AF4EFAF00F3AD61 /* BookmarkList.swift */ = {isa = PBXFileReference; lastKnownFileType = sourcecode.swift; path = BookmarkList.swift; sourceTree = "<group>"; };
		966033822AF4F12500F3AD61 /* BookmarkListModel.swift */ = {isa = PBXFileReference; lastKnownFileType = sourcecode.swift; path = BookmarkListModel.swift; sourceTree = "<group>"; };
		966033842AF4FA7700F3AD61 /* AddBookmarkList.swift */ = {isa = PBXFileReference; lastKnownFileType = sourcecode.swift; path = AddBookmarkList.swift; sourceTree = "<group>"; };
		966033862AF5011400F3AD61 /* DeleteBookmarkListsByIDs.swift */ = {isa = PBXFileReference; lastKnownFileType = sourcecode.swift; path = DeleteBookmarkListsByIDs.swift; sourceTree = "<group>"; };
		966033882AF5037400F3AD61 /* BookmarkListPage.swift */ = {isa = PBXFileReference; lastKnownFileType = sourcecode.swift; path = BookmarkListPage.swift; sourceTree = "<group>"; };
		9660338A2AF50C4F00F3AD61 /* BookmarkListViewModel.swift */ = {isa = PBXFileReference; lastKnownFileType = sourcecode.swift; path = BookmarkListViewModel.swift; sourceTree = "<group>"; };
		9660338C2AF533C900F3AD61 /* GetBookmarkItems.swift */ = {isa = PBXFileReference; lastKnownFileType = sourcecode.swift; path = GetBookmarkItems.swift; sourceTree = "<group>"; };
		9660338E2AF56E3F00F3AD61 /* DeleteBookmarkItemsByIDs.swift */ = {isa = PBXFileReference; lastKnownFileType = sourcecode.swift; path = DeleteBookmarkItemsByIDs.swift; sourceTree = "<group>"; };
		966033B12AF6707500F3AD61 /* CoreDataExample.entitlements */ = {isa = PBXFileReference; lastKnownFileType = text.plist.entitlements; path = CoreDataExample.entitlements; sourceTree = "<group>"; };
		966033B22AF670A300F3AD61 /* Info.plist */ = {isa = PBXFileReference; lastKnownFileType = text.plist; path = Info.plist; sourceTree = "<group>"; };
/* End PBXFileReference section */

/* Begin PBXFrameworksBuildPhase section */
		961339902AF3DF1B00ABDB75 /* Frameworks */ = {
			isa = PBXFrameworksBuildPhase;
			buildActionMask = 2147483647;
			files = (
			);
			runOnlyForDeploymentPostprocessing = 0;
		};
/* End PBXFrameworksBuildPhase section */

/* Begin PBXGroup section */
		9613398A2AF3DF1B00ABDB75 = {
			isa = PBXGroup;
			children = (
				961339952AF3DF1B00ABDB75 /* CoreDataExample */,
				961339942AF3DF1B00ABDB75 /* Products */,
			);
			sourceTree = "<group>";
		};
		961339942AF3DF1B00ABDB75 /* Products */ = {
			isa = PBXGroup;
			children = (
				961339932AF3DF1B00ABDB75 /* CoreDataExample.app */,
			);
			name = Products;
			sourceTree = "<group>";
		};
		961339952AF3DF1B00ABDB75 /* CoreDataExample */ = {
			isa = PBXGroup;
			children = (
				966033B22AF670A300F3AD61 /* Info.plist */,
				966033B12AF6707500F3AD61 /* CoreDataExample.entitlements */,
				961339B02AF3E9B300ABDB75 /* Features */,
				961339962AF3DF1B00ABDB75 /* CoreDataExampleApp.swift */,
				961339982AF3DF1B00ABDB75 /* ContentView.swift */,
				9613399A2AF3DF1D00ABDB75 /* Assets.xcassets */,
				9613399C2AF3DF1D00ABDB75 /* Preview Content */,
			);
			path = CoreDataExample;
			sourceTree = "<group>";
		};
		9613399C2AF3DF1D00ABDB75 /* Preview Content */ = {
			isa = PBXGroup;
			children = (
				9613399D2AF3DF1D00ABDB75 /* Preview Assets.xcassets */,
			);
			path = "Preview Content";
			sourceTree = "<group>";
		};
		961339AD2AF3E9A400ABDB75 /* Data */ = {
			isa = PBXGroup;
			children = (
				961339B12AF3E9D500ABDB75 /* Models */,
				961339B22AF3EA0700ABDB75 /* DataSources */,
				961339B32AF3EA7600ABDB75 /* Repositories */,
			);
			path = Data;
			sourceTree = "<group>";
		};
		961339AE2AF3E9A800ABDB75 /* Domain */ = {
			isa = PBXGroup;
			children = (
				961339B52AF3EA9300ABDB75 /* Entities */,
				961339B82AF3EBD400ABDB75 /* Repositories */,
				961339B42AF3EA8C00ABDB75 /* UseCases */,
			);
			path = Domain;
			sourceTree = "<group>";
		};
		961339AF2AF3E9AC00ABDB75 /* Bookmark */ = {
			isa = PBXGroup;
			children = (
				961339AD2AF3E9A400ABDB75 /* Data */,
				961339AE2AF3E9A800ABDB75 /* Domain */,
				961339C22AF3EF3800ABDB75 /* Presentation */,
			);
			path = Bookmark;
			sourceTree = "<group>";
		};
		961339B02AF3E9B300ABDB75 /* Features */ = {
			isa = PBXGroup;
			children = (
				961339AF2AF3E9AC00ABDB75 /* Bookmark */,
			);
			path = Features;
			sourceTree = "<group>";
		};
		961339B12AF3E9D500ABDB75 /* Models */ = {
			isa = PBXGroup;
			children = (
				966033822AF4F12500F3AD61 /* BookmarkListModel.swift */,
				961339A92AF3E59C00ABDB75 /* BookmarItemModel.swift */,
				961339A12AF3DF1D00ABDB75 /* CoreDataExample.xcdatamodeld */,
			);
			path = Models;
			sourceTree = "<group>";
		};
		961339B22AF3EA0700ABDB75 /* DataSources */ = {
			isa = PBXGroup;
			children = (
				961339BD2AF3ED0300ABDB75 /* client */,
				961339BE2AF3ED2100ABDB75 /* BookmarkDataSource.swift */,
			);
			path = DataSources;
			sourceTree = "<group>";
		};
		961339B32AF3EA7600ABDB75 /* Repositories */ = {
			isa = PBXGroup;
			children = (
				961339BB2AF3EBF800ABDB75 /* BookmarkRepositoryImpl.swift */,
			);
			path = Repositories;
			sourceTree = "<group>";
		};
		961339B42AF3EA8C00ABDB75 /* UseCases */ = {
			isa = PBXGroup;
			children = (
				961339B62AF3EB5200ABDB75 /* GetBookmarkLists.swift */,
				966033842AF4FA7700F3AD61 /* AddBookmarkList.swift */,
				966033862AF5011400F3AD61 /* DeleteBookmarkListsByIDs.swift */,
				9660338C2AF533C900F3AD61 /* GetBookmarkItems.swift */,
				961339C92AF3FA5700ABDB75 /* AddBookmarkItem.swift */,
				9660338E2AF56E3F00F3AD61 /* DeleteBookmarkItemsByIDs.swift */,
			);
			path = UseCases;
			sourceTree = "<group>";
		};
		961339B52AF3EA9300ABDB75 /* Entities */ = {
			isa = PBXGroup;
			children = (
				961339AB2AF3E60500ABDB75 /* BookmarkItem.swift */,
				966033802AF4EFAF00F3AD61 /* BookmarkList.swift */,
			);
			path = Entities;
			sourceTree = "<group>";
		};
		961339B82AF3EBD400ABDB75 /* Repositories */ = {
			isa = PBXGroup;
			children = (
				961339B92AF3EBE000ABDB75 /* BookmarkRepository.swift */,
			);
			path = Repositories;
			sourceTree = "<group>";
		};
		961339BD2AF3ED0300ABDB75 /* client */ = {
			isa = PBXGroup;
			children = (
				9613399F2AF3DF1D00ABDB75 /* BookmarkContainer.swift */,
			);
			path = client;
			sourceTree = "<group>";
		};
		961339C22AF3EF3800ABDB75 /* Presentation */ = {
			isa = PBXGroup;
			children = (
				961339C32AF3EF4200ABDB75 /* ViewModels */,
				961339C62AF3EF9900ABDB75 /* Pages */,
			);
			path = Presentation;
			sourceTree = "<group>";
		};
		961339C32AF3EF4200ABDB75 /* ViewModels */ = {
			isa = PBXGroup;
			children = (
				961339C42AF3EF5800ABDB75 /* BookmarkViewModel.swift */,
				9660338A2AF50C4F00F3AD61 /* BookmarkListViewModel.swift */,
			);
			path = ViewModels;
			sourceTree = "<group>";
		};
		961339C62AF3EF9900ABDB75 /* Pages */ = {
			isa = PBXGroup;
			children = (
				961339C72AF3EFAA00ABDB75 /* BookmarkPage.swift */,
				966033882AF5037400F3AD61 /* BookmarkListPage.swift */,
			);
			path = Pages;
			sourceTree = "<group>";
		};
/* End PBXGroup section */

/* Begin PBXNativeTarget section */
		961339922AF3DF1B00ABDB75 /* CoreDataExample */ = {
			isa = PBXNativeTarget;
			buildConfigurationList = 961339A62AF3DF1D00ABDB75 /* Build configuration list for PBXNativeTarget "CoreDataExample" */;
			buildPhases = (
				9613398F2AF3DF1B00ABDB75 /* Sources */,
				961339902AF3DF1B00ABDB75 /* Frameworks */,
				961339912AF3DF1B00ABDB75 /* Resources */,
			);
			buildRules = (
			);
			dependencies = (
			);
			name = CoreDataExample;
			productName = CoreDataExample;
			productReference = 961339932AF3DF1B00ABDB75 /* CoreDataExample.app */;
			productType = "com.apple.product-type.application";
		};
/* End PBXNativeTarget section */

/* Begin PBXProject section */
		9613398B2AF3DF1B00ABDB75 /* Project object */ = {
			isa = PBXProject;
			attributes = {
				BuildIndependentTargetsInParallel = 1;
				LastSwiftUpdateCheck = 1500;
				LastUpgradeCheck = 1500;
				TargetAttributes = {
					961339922AF3DF1B00ABDB75 = {
						CreatedOnToolsVersion = 15.0;
					};
				};
			};
			buildConfigurationList = 9613398E2AF3DF1B00ABDB75 /* Build configuration list for PBXProject "CoreDataExample" */;
			compatibilityVersion = "Xcode 14.0";
			developmentRegion = en;
			hasScannedForEncodings = 0;
			knownRegions = (
				en,
				Base,
			);
			mainGroup = 9613398A2AF3DF1B00ABDB75;
			productRefGroup = 961339942AF3DF1B00ABDB75 /* Products */;
			projectDirPath = "";
			projectRoot = "";
			targets = (
				961339922AF3DF1B00ABDB75 /* CoreDataExample */,
			);
		};
/* End PBXProject section */

/* Begin PBXResourcesBuildPhase section */
		961339912AF3DF1B00ABDB75 /* Resources */ = {
			isa = PBXResourcesBuildPhase;
			buildActionMask = 2147483647;
			files = (
				9613399E2AF3DF1D00ABDB75 /* Preview Assets.xcassets in Resources */,
				9613399B2AF3DF1D00ABDB75 /* Assets.xcassets in Resources */,
			);
			runOnlyForDeploymentPostprocessing = 0;
		};
/* End PBXResourcesBuildPhase section */

/* Begin PBXSourcesBuildPhase section */
		9613398F2AF3DF1B00ABDB75 /* Sources */ = {
			isa = PBXSourcesBuildPhase;
			buildActionMask = 2147483647;
			files = (
				961339C52AF3EF5800ABDB75 /* BookmarkViewModel.swift in Sources */,
				961339A02AF3DF1D00ABDB75 /* BookmarkContainer.swift in Sources */,
				961339BC2AF3EBF800ABDB75 /* BookmarkRepositoryImpl.swift in Sources */,
				961339BA2AF3EBE000ABDB75 /* BookmarkRepository.swift in Sources */,
				961339CA2AF3FA5700ABDB75 /* AddBookmarkItem.swift in Sources */,
				966033832AF4F12500F3AD61 /* BookmarkListModel.swift in Sources */,
				961339992AF3DF1B00ABDB75 /* ContentView.swift in Sources */,
				961339C82AF3EFAA00ABDB75 /* BookmarkPage.swift in Sources */,
				961339AC2AF3E60500ABDB75 /* BookmarkItem.swift in Sources */,
				966033812AF4EFAF00F3AD61 /* BookmarkList.swift in Sources */,
				961339972AF3DF1B00ABDB75 /* CoreDataExampleApp.swift in Sources */,
				9660338B2AF50C4F00F3AD61 /* BookmarkListViewModel.swift in Sources */,
				9660338F2AF56E3F00F3AD61 /* DeleteBookmarkItemsByIDs.swift in Sources */,
				961339B72AF3EB5200ABDB75 /* GetBookmarkLists.swift in Sources */,
				961339AA2AF3E59C00ABDB75 /* BookmarItemModel.swift in Sources */,
				966033872AF5011400F3AD61 /* DeleteBookmarkListsByIDs.swift in Sources */,
				966033892AF5037400F3AD61 /* BookmarkListPage.swift in Sources */,
				961339BF2AF3ED2100ABDB75 /* BookmarkDataSource.swift in Sources */,
				961339A32AF3DF1D00ABDB75 /* CoreDataExample.xcdatamodeld in Sources */,
				9660338D2AF533C900F3AD61 /* GetBookmarkItems.swift in Sources */,
				966033852AF4FA7700F3AD61 /* AddBookmarkList.swift in Sources */,
			);
			runOnlyForDeploymentPostprocessing = 0;
		};
/* End PBXSourcesBuildPhase section */

/* Begin XCBuildConfiguration section */
		961339A42AF3DF1D00ABDB75 /* Debug */ = {
			isa = XCBuildConfiguration;
			buildSettings = {
				ALWAYS_SEARCH_USER_PATHS = NO;
				ASSETCATALOG_COMPILER_GENERATE_SWIFT_ASSET_SYMBOL_EXTENSIONS = YES;
				CLANG_ANALYZER_NONNULL = YES;
				CLANG_ANALYZER_NUMBER_OBJECT_CONVERSION = YES_AGGRESSIVE;
				CLANG_CXX_LANGUAGE_STANDARD = "gnu++20";
				CLANG_ENABLE_MODULES = YES;
				CLANG_ENABLE_OBJC_ARC = YES;
				CLANG_ENABLE_OBJC_WEAK = YES;
				CLANG_WARN_BLOCK_CAPTURE_AUTORELEASING = YES;
				CLANG_WARN_BOOL_CONVERSION = YES;
				CLANG_WARN_COMMA = YES;
				CLANG_WARN_CONSTANT_CONVERSION = YES;
				CLANG_WARN_DEPRECATED_OBJC_IMPLEMENTATIONS = YES;
				CLANG_WARN_DIRECT_OBJC_ISA_USAGE = YES_ERROR;
				CLANG_WARN_DOCUMENTATION_COMMENTS = YES;
				CLANG_WARN_EMPTY_BODY = YES;
				CLANG_WARN_ENUM_CONVERSION = YES;
				CLANG_WARN_INFINITE_RECURSION = YES;
				CLANG_WARN_INT_CONVERSION = YES;
				CLANG_WARN_NON_LITERAL_NULL_CONVERSION = YES;
				CLANG_WARN_OBJC_IMPLICIT_RETAIN_SELF = YES;
				CLANG_WARN_OBJC_LITERAL_CONVERSION = YES;
				CLANG_WARN_OBJC_ROOT_CLASS = YES_ERROR;
				CLANG_WARN_QUOTED_INCLUDE_IN_FRAMEWORK_HEADER = YES;
				CLANG_WARN_RANGE_LOOP_ANALYSIS = YES;
				CLANG_WARN_STRICT_PROTOTYPES = YES;
				CLANG_WARN_SUSPICIOUS_MOVE = YES;
				CLANG_WARN_UNGUARDED_AVAILABILITY = YES_AGGRESSIVE;
				CLANG_WARN_UNREACHABLE_CODE = YES;
				CLANG_WARN__DUPLICATE_METHOD_MATCH = YES;
				COPY_PHASE_STRIP = NO;
				DEBUG_INFORMATION_FORMAT = dwarf;
				ENABLE_STRICT_OBJC_MSGSEND = YES;
				ENABLE_TESTABILITY = YES;
				ENABLE_USER_SCRIPT_SANDBOXING = YES;
				GCC_C_LANGUAGE_STANDARD = gnu17;
				GCC_DYNAMIC_NO_PIC = NO;
				GCC_NO_COMMON_BLOCKS = YES;
				GCC_OPTIMIZATION_LEVEL = 0;
				GCC_PREPROCESSOR_DEFINITIONS = (
					"DEBUG=1",
					"$(inherited)",
				);
				GCC_WARN_64_TO_32_BIT_CONVERSION = YES;
				GCC_WARN_ABOUT_RETURN_TYPE = YES_ERROR;
				GCC_WARN_UNDECLARED_SELECTOR = YES;
				GCC_WARN_UNINITIALIZED_AUTOS = YES_AGGRESSIVE;
				GCC_WARN_UNUSED_FUNCTION = YES;
				GCC_WARN_UNUSED_VARIABLE = YES;
				IPHONEOS_DEPLOYMENT_TARGET = 17.0;
				LOCALIZATION_PREFERS_STRING_CATALOGS = YES;
				MTL_ENABLE_DEBUG_INFO = INCLUDE_SOURCE;
				MTL_FAST_MATH = YES;
				ONLY_ACTIVE_ARCH = YES;
				SDKROOT = iphoneos;
				SWIFT_ACTIVE_COMPILATION_CONDITIONS = "DEBUG $(inherited)";
				SWIFT_OPTIMIZATION_LEVEL = "-Onone";
			};
			name = Debug;
		};
		961339A52AF3DF1D00ABDB75 /* Release */ = {
			isa = XCBuildConfiguration;
			buildSettings = {
				ALWAYS_SEARCH_USER_PATHS = NO;
				ASSETCATALOG_COMPILER_GENERATE_SWIFT_ASSET_SYMBOL_EXTENSIONS = YES;
				CLANG_ANALYZER_NONNULL = YES;
				CLANG_ANALYZER_NUMBER_OBJECT_CONVERSION = YES_AGGRESSIVE;
				CLANG_CXX_LANGUAGE_STANDARD = "gnu++20";
				CLANG_ENABLE_MODULES = YES;
				CLANG_ENABLE_OBJC_ARC = YES;
				CLANG_ENABLE_OBJC_WEAK = YES;
				CLANG_WARN_BLOCK_CAPTURE_AUTORELEASING = YES;
				CLANG_WARN_BOOL_CONVERSION = YES;
				CLANG_WARN_COMMA = YES;
				CLANG_WARN_CONSTANT_CONVERSION = YES;
				CLANG_WARN_DEPRECATED_OBJC_IMPLEMENTATIONS = YES;
				CLANG_WARN_DIRECT_OBJC_ISA_USAGE = YES_ERROR;
				CLANG_WARN_DOCUMENTATION_COMMENTS = YES;
				CLANG_WARN_EMPTY_BODY = YES;
				CLANG_WARN_ENUM_CONVERSION = YES;
				CLANG_WARN_INFINITE_RECURSION = YES;
				CLANG_WARN_INT_CONVERSION = YES;
				CLANG_WARN_NON_LITERAL_NULL_CONVERSION = YES;
				CLANG_WARN_OBJC_IMPLICIT_RETAIN_SELF = YES;
				CLANG_WARN_OBJC_LITERAL_CONVERSION = YES;
				CLANG_WARN_OBJC_ROOT_CLASS = YES_ERROR;
				CLANG_WARN_QUOTED_INCLUDE_IN_FRAMEWORK_HEADER = YES;
				CLANG_WARN_RANGE_LOOP_ANALYSIS = YES;
				CLANG_WARN_STRICT_PROTOTYPES = YES;
				CLANG_WARN_SUSPICIOUS_MOVE = YES;
				CLANG_WARN_UNGUARDED_AVAILABILITY = YES_AGGRESSIVE;
				CLANG_WARN_UNREACHABLE_CODE = YES;
				CLANG_WARN__DUPLICATE_METHOD_MATCH = YES;
				COPY_PHASE_STRIP = NO;
				DEBUG_INFORMATION_FORMAT = "dwarf-with-dsym";
				ENABLE_NS_ASSERTIONS = NO;
				ENABLE_STRICT_OBJC_MSGSEND = YES;
				ENABLE_USER_SCRIPT_SANDBOXING = YES;
				GCC_C_LANGUAGE_STANDARD = gnu17;
				GCC_NO_COMMON_BLOCKS = YES;
				GCC_WARN_64_TO_32_BIT_CONVERSION = YES;
				GCC_WARN_ABOUT_RETURN_TYPE = YES_ERROR;
				GCC_WARN_UNDECLARED_SELECTOR = YES;
				GCC_WARN_UNINITIALIZED_AUTOS = YES_AGGRESSIVE;
				GCC_WARN_UNUSED_FUNCTION = YES;
				GCC_WARN_UNUSED_VARIABLE = YES;
				IPHONEOS_DEPLOYMENT_TARGET = 17.0;
				LOCALIZATION_PREFERS_STRING_CATALOGS = YES;
				MTL_ENABLE_DEBUG_INFO = NO;
				MTL_FAST_MATH = YES;
				SDKROOT = iphoneos;
				SWIFT_COMPILATION_MODE = wholemodule;
				VALIDATE_PRODUCT = YES;
			};
			name = Release;
		};
		961339A72AF3DF1D00ABDB75 /* Debug */ = {
			isa = XCBuildConfiguration;
			buildSettings = {
				ASSETCATALOG_COMPILER_APPICON_NAME = AppIcon;
				ASSETCATALOG_COMPILER_GLOBAL_ACCENT_COLOR_NAME = AccentColor;
				CODE_SIGN_ENTITLEMENTS = CoreDataExample/CoreDataExample.entitlements;
				CODE_SIGN_IDENTITY = "Apple Development";
				CODE_SIGN_STYLE = Automatic;
				CURRENT_PROJECT_VERSION = 1;
				DEVELOPMENT_ASSET_PATHS = "\"CoreDataExample/Preview Content\"";
				DEVELOPMENT_TEAM = G85YYYKRLS;
				ENABLE_PREVIEWS = YES;
				GENERATE_INFOPLIST_FILE = YES;
				INFOPLIST_FILE = CoreDataExample/Info.plist;
				INFOPLIST_KEY_UIApplicationSceneManifest_Generation = YES;
				INFOPLIST_KEY_UIApplicationSupportsIndirectInputEvents = YES;
				INFOPLIST_KEY_UILaunchScreen_Generation = YES;
				INFOPLIST_KEY_UISupportedInterfaceOrientations_iPad = "UIInterfaceOrientationPortrait UIInterfaceOrientationPortraitUpsideDown UIInterfaceOrientationLandscapeLeft UIInterfaceOrientationLandscapeRight";
				INFOPLIST_KEY_UISupportedInterfaceOrientations_iPhone = "UIInterfaceOrientationPortrait UIInterfaceOrientationLandscapeLeft UIInterfaceOrientationLandscapeRight";
				LD_RUNPATH_SEARCH_PATHS = (
					"$(inherited)",
					"@executable_path/Frameworks",
				);
				MARKETING_VERSION = 1.0;
				PRODUCT_BUNDLE_IDENTIFIER = com.jason.CoreDataExample;
				PRODUCT_NAME = "$(TARGET_NAME)";
				PROVISIONING_PROFILE_SPECIFIER = "";
				SWIFT_EMIT_LOC_STRINGS = YES;
				SWIFT_VERSION = 5.0;
				TARGETED_DEVICE_FAMILY = "1,2";
			};
			name = Debug;
		};
		961339A82AF3DF1D00ABDB75 /* Release */ = {
			isa = XCBuildConfiguration;
			buildSettings = {
				ASSETCATALOG_COMPILER_APPICON_NAME = AppIcon;
				ASSETCATALOG_COMPILER_GLOBAL_ACCENT_COLOR_NAME = AccentColor;
				CODE_SIGN_ENTITLEMENTS = CoreDataExample/CoreDataExample.entitlements;
				CODE_SIGN_IDENTITY = "Apple Development";
				CODE_SIGN_STYLE = Automatic;
				CURRENT_PROJECT_VERSION = 1;
				DEVELOPMENT_ASSET_PATHS = "\"CoreDataExample/Preview Content\"";
				DEVELOPMENT_TEAM = G85YYYKRLS;
				ENABLE_PREVIEWS = YES;
				GENERATE_INFOPLIST_FILE = YES;
				INFOPLIST_FILE = CoreDataExample/Info.plist;
				INFOPLIST_KEY_UIApplicationSceneManifest_Generation = YES;
				INFOPLIST_KEY_UIApplicationSupportsIndirectInputEvents = YES;
				INFOPLIST_KEY_UILaunchScreen_Generation = YES;
				INFOPLIST_KEY_UISupportedInterfaceOrientations_iPad = "UIInterfaceOrientationPortrait UIInterfaceOrientationPortraitUpsideDown UIInterfaceOrientationLandscapeLeft UIInterfaceOrientationLandscapeRight";
				INFOPLIST_KEY_UISupportedInterfaceOrientations_iPhone = "UIInterfaceOrientationPortrait UIInterfaceOrientationLandscapeLeft UIInterfaceOrientationLandscapeRight";
				LD_RUNPATH_SEARCH_PATHS = (
					"$(inherited)",
					"@executable_path/Frameworks",
				);
				MARKETING_VERSION = 1.0;
				PRODUCT_BUNDLE_IDENTIFIER = com.jason.CoreDataExample;
				PRODUCT_NAME = "$(TARGET_NAME)";
				PROVISIONING_PROFILE_SPECIFIER = "";
				SWIFT_EMIT_LOC_STRINGS = YES;
				SWIFT_VERSION = 5.0;
				TARGETED_DEVICE_FAMILY = "1,2";
			};
			name = Release;
		};
/* End XCBuildConfiguration section */

/* Begin XCConfigurationList section */
		9613398E2AF3DF1B00ABDB75 /* Build configuration list for PBXProject "CoreDataExample" */ = {
			isa = XCConfigurationList;
			buildConfigurations = (
				961339A42AF3DF1D00ABDB75 /* Debug */,
				961339A52AF3DF1D00ABDB75 /* Release */,
			);
			defaultConfigurationIsVisible = 0;
			defaultConfigurationName = Release;
		};
		961339A62AF3DF1D00ABDB75 /* Build configuration list for PBXNativeTarget "CoreDataExample" */ = {
			isa = XCConfigurationList;
			buildConfigurations = (
				961339A72AF3DF1D00ABDB75 /* Debug */,
				961339A82AF3DF1D00ABDB75 /* Release */,
			);
			defaultConfigurationIsVisible = 0;
			defaultConfigurationName = Release;
		};
/* End XCConfigurationList section */

/* Begin XCVersionGroup section */
		961339A12AF3DF1D00ABDB75 /* CoreDataExample.xcdatamodeld */ = {
			isa = XCVersionGroup;
			children = (
				961339A22AF3DF1D00ABDB75 /* CoreDataExample.xcdatamodel */,
			);
			currentVersion = 961339A22AF3DF1D00ABDB75 /* CoreDataExample.xcdatamodel */;
			path = CoreDataExample.xcdatamodeld;
			sourceTree = "<group>";
			versionGroupType = wrapper.xcdatamodel;
		};
/* End XCVersionGroup section */
	};
	rootObject = 9613398B2AF3DF1B00ABDB75 /* Project object */;
}
